PODS:
  - GoogleMaps (3.7.0):
    - GoogleMaps/Maps (= 3.7.0)
  - GoogleMaps/Base (3.7.0)
  - GoogleMaps/Maps (3.7.0):
    - GoogleMaps/Base
  - GooglePlaces (3.7.0):
    - GoogleMaps/Base (= 3.7.0)
  - RxCocoa (5.0.1):
    - RxRelay (~> 5)
    - RxSwift (~> 5)
  - RxRelay (5.0.1):
    - RxSwift (~> 5)
  - RxSwift (5.0.1)

DEPENDENCIES:
  - GoogleMaps
  - GooglePlaces
  - RxCocoa (~> 5)
  - RxSwift (~> 5)

SPEC REPOS:
  trunk:
    - GoogleMaps
    - GooglePlaces
    - RxCocoa
    - RxRelay
    - RxSwift

SPEC CHECKSUMS:
  GoogleMaps: 55da829c68aa931f3ae982b9e341cc2f3d89c587
  GooglePlaces: a62077320f9d64239245af63aa1aa136393ebeb6
  RxCocoa: e741b9749968e8a143e2b787f1dfbff2b63d0a5c
  RxRelay: 89d54507f4fd4d969e6ec1d4bd7f3673640b4640
  RxSwift: e2dc62b366a3adf6a0be44ba9f405efd4c94e0c4

PODFILE CHECKSUM: 3c93a8332a68de81aa2f01a533a8e4ecda51645c

COCOAPODS: 1.8.4
